
Microsoft Visual Studio Solution File, Format Version 12.00
# Visual Studio Version 17
VisualStudioVersion = 17.0.31903.59
MinimumVisualStudioVersion = 10.0.40219.1
Project("{2150E333-8FDC-42A3-9474-1A3956D46DE8}") = "Services", "Services", "{0ECE041F-A399-45D0-B913-4866D2E2C0E6}"
EndProject
Project("{9A19103F-16F7-4668-BE54-9A1E7A4F7556}") = "AuctionService", "AuctionService\AuctionService.csproj", "{879BAA21-8844-40F5-A8F9-E123194175DA}"
EndProject
Project("{9A19103F-16F7-4668-BE54-9A1E7A4F7556}") = "SearchService", "SearchService\SearchService.csproj", "{373F332A-E0FC-4819-B1C0-E68B306058F7}"
EndProject
Project("{9A19103F-16F7-4668-BE54-9A1E7A4F7556}") = "Contracts", "Contracts\Contracts.csproj", "{A2951BBE-2244-4E5C-8950-5F5D5A10F623}"
EndProject
Project("{9A19103F-16F7-4668-BE54-9A1E7A4F7556}") = "AccountService", "AccountService\AccountService.csproj", "{AF71985B-550A-4C39-800D-E4A2CF2E93B9}"
EndProject
Project("{9A19103F-16F7-4668-BE54-9A1E7A4F7556}") = "JwtAuthenticationManager", "JwtAuthenticationManager\JwtAuthenticationManager.csproj", "{46ADEC41-046B-477E-B1EB-28E1B77D756E}"
EndProject
Project("{9A19103F-16F7-4668-BE54-9A1E7A4F7556}") = "RedisManager", "RedisManager\RedisManager.csproj", "{15AAA84D-3C55-436F-AD74-8680DCBCCFAD}"
EndProject
Project("{9A19103F-16F7-4668-BE54-9A1E7A4F7556}") = "GatewayService", "GatewayService\GatewayService.csproj", "{5B289875-691C-442F-AABA-4EE7165BBFA0}"
EndProject
Project("{FAE04EC0-301F-11D3-BF4B-00C04F79EFBC}") = "PaymentService", "PaymentService\PaymentService.csproj", "{54D9EE11-37B2-4818-ABD6-353734FD262F}"
EndProject
Global
	GlobalSection(SolutionConfigurationPlatforms) = preSolution
		Debug|Any CPU = Debug|Any CPU
		Release|Any CPU = Release|Any CPU
	EndGlobalSection
	GlobalSection(ProjectConfigurationPlatforms) = postSolution
		{879BAA21-8844-40F5-A8F9-E123194175DA}.Debug|Any CPU.ActiveCfg = Debug|Any CPU
		{879BAA21-8844-40F5-A8F9-E123194175DA}.Debug|Any CPU.Build.0 = Debug|Any CPU
		{879BAA21-8844-40F5-A8F9-E123194175DA}.Release|Any CPU.ActiveCfg = Release|Any CPU
		{879BAA21-8844-40F5-A8F9-E123194175DA}.Release|Any CPU.Build.0 = Release|Any CPU
		{373F332A-E0FC-4819-B1C0-E68B306058F7}.Debug|Any CPU.ActiveCfg = Debug|Any CPU
		{373F332A-E0FC-4819-B1C0-E68B306058F7}.Debug|Any CPU.Build.0 = Debug|Any CPU
		{373F332A-E0FC-4819-B1C0-E68B306058F7}.Release|Any CPU.ActiveCfg = Release|Any CPU
		{373F332A-E0FC-4819-B1C0-E68B306058F7}.Release|Any CPU.Build.0 = Release|Any CPU
		{A2951BBE-2244-4E5C-8950-5F5D5A10F623}.Debug|Any CPU.ActiveCfg = Debug|Any CPU
		{A2951BBE-2244-4E5C-8950-5F5D5A10F623}.Debug|Any CPU.Build.0 = Debug|Any CPU
		{A2951BBE-2244-4E5C-8950-5F5D5A10F623}.Release|Any CPU.ActiveCfg = Release|Any CPU
		{A2951BBE-2244-4E5C-8950-5F5D5A10F623}.Release|Any CPU.Build.0 = Release|Any CPU
		{AF71985B-550A-4C39-800D-E4A2CF2E93B9}.Debug|Any CPU.ActiveCfg = Debug|Any CPU
		{AF71985B-550A-4C39-800D-E4A2CF2E93B9}.Debug|Any CPU.Build.0 = Debug|Any CPU
		{AF71985B-550A-4C39-800D-E4A2CF2E93B9}.Release|Any CPU.ActiveCfg = Release|Any CPU
		{AF71985B-550A-4C39-800D-E4A2CF2E93B9}.Release|Any CPU.Build.0 = Release|Any CPU
		{46ADEC41-046B-477E-B1EB-28E1B77D756E}.Debug|Any CPU.ActiveCfg = Debug|Any CPU
		{46ADEC41-046B-477E-B1EB-28E1B77D756E}.Debug|Any CPU.Build.0 = Debug|Any CPU
		{46ADEC41-046B-477E-B1EB-28E1B77D756E}.Release|Any CPU.ActiveCfg = Release|Any CPU
		{46ADEC41-046B-477E-B1EB-28E1B77D756E}.Release|Any CPU.Build.0 = Release|Any CPU
		{15AAA84D-3C55-436F-AD74-8680DCBCCFAD}.Debug|Any CPU.ActiveCfg = Debug|Any CPU
		{15AAA84D-3C55-436F-AD74-8680DCBCCFAD}.Debug|Any CPU.Build.0 = Debug|Any CPU
		{15AAA84D-3C55-436F-AD74-8680DCBCCFAD}.Release|Any CPU.ActiveCfg = Release|Any CPU
		{15AAA84D-3C55-436F-AD74-8680DCBCCFAD}.Release|Any CPU.Build.0 = Release|Any CPU
		{5B289875-691C-442F-AABA-4EE7165BBFA0}.Debug|Any CPU.ActiveCfg = Debug|Any CPU
		{5B289875-691C-442F-AABA-4EE7165BBFA0}.Debug|Any CPU.Build.0 = Debug|Any CPU
		{5B289875-691C-442F-AABA-4EE7165BBFA0}.Release|Any CPU.ActiveCfg = Release|Any CPU
		{5B289875-691C-442F-AABA-4EE7165BBFA0}.Release|Any CPU.Build.0 = Release|Any CPU
		{54D9EE11-37B2-4818-ABD6-353734FD262F}.Debug|Any CPU.ActiveCfg = Debug|Any CPU
		{54D9EE11-37B2-4818-ABD6-353734FD262F}.Debug|Any CPU.Build.0 = Debug|Any CPU
		{54D9EE11-37B2-4818-ABD6-353734FD262F}.Release|Any CPU.ActiveCfg = Release|Any CPU
		{54D9EE11-37B2-4818-ABD6-353734FD262F}.Release|Any CPU.Build.0 = Release|Any CPU
	EndGlobalSection
	GlobalSection(SolutionProperties) = preSolution
		HideSolutionNode = FALSE
	EndGlobalSection
	GlobalSection(NestedProjects) = preSolution
		{879BAA21-8844-40F5-A8F9-E123194175DA} = {0ECE041F-A399-45D0-B913-4866D2E2C0E6}
		{373F332A-E0FC-4819-B1C0-E68B306058F7} = {0ECE041F-A399-45D0-B913-4866D2E2C0E6}
		{A2951BBE-2244-4E5C-8950-5F5D5A10F623} = {0ECE041F-A399-45D0-B913-4866D2E2C0E6}
		{AF71985B-550A-4C39-800D-E4A2CF2E93B9} = {0ECE041F-A399-45D0-B913-4866D2E2C0E6}
		{46ADEC41-046B-477E-B1EB-28E1B77D756E} = {0ECE041F-A399-45D0-B913-4866D2E2C0E6}
		{15AAA84D-3C55-436F-AD74-8680DCBCCFAD} = {0ECE041F-A399-45D0-B913-4866D2E2C0E6}
		{5B289875-691C-442F-AABA-4EE7165BBFA0} = {0ECE041F-A399-45D0-B913-4866D2E2C0E6}
		{54D9EE11-37B2-4818-ABD6-353734FD262F} = {0ECE041F-A399-45D0-B913-4866D2E2C0E6}
	EndGlobalSection
	GlobalSection(ExtensibilityGlobals) = postSolution
		SolutionGuid = {011830C0-E983-4F5C-9A0E-F8774FCE0D63}
	EndGlobalSection
EndGlobal
